// !$*UTF8*$!
{
	archiveVersion = 1;
	classes = {
	};
	objectVersion = 56;
	objects = {

/* Begin PBXBuildFile section */
		263CE8DB2BD3DD2100B05E71 /* NunitoSans.ttf in Resources */ = {isa = PBXBuildFile; fileRef = 263CE8DA2BD3DD2100B05E71 /* NunitoSans.ttf */; };
		263CE8DD2BD3E0AD00B05E71 /* NunitoSans-Italic.ttf in Resources */ = {isa = PBXBuildFile; fileRef = 263CE8DC2BD3E0AD00B05E71 /* NunitoSans-Italic.ttf */; };
		264DB1262BD3C9D200BA1CB7 /* AppDelegate.swift in Sources */ = {isa = PBXBuildFile; fileRef = 264DB1252BD3C9D200BA1CB7 /* AppDelegate.swift */; };
		264DB1282BD3C9D200BA1CB7 /* SceneDelegate.swift in Sources */ = {isa = PBXBuildFile; fileRef = 264DB1272BD3C9D200BA1CB7 /* SceneDelegate.swift */; };
		264DB12F2BD3C9D400BA1CB7 /* Assets.xcassets in Resources */ = {isa = PBXBuildFile; fileRef = 264DB12E2BD3C9D400BA1CB7 /* Assets.xcassets */; };
		264DB1412BD3CF2700BA1CB7 /* IntroViewController.swift in Sources */ = {isa = PBXBuildFile; fileRef = 264DB13F2BD3CF2700BA1CB7 /* IntroViewController.swift */; };
		264DB1422BD3CF2700BA1CB7 /* IntroViewController.xib in Resources */ = {isa = PBXBuildFile; fileRef = 264DB1402BD3CF2700BA1CB7 /* IntroViewController.xib */; };
		265639152BD4D31700ECBC69 /* UIView+Extension.swift in Sources */ = {isa = PBXBuildFile; fileRef = 265639142BD4D31700ECBC69 /* UIView+Extension.swift */; };
		265639172BD4D56600ECBC69 /* Constant.swift in Sources */ = {isa = PBXBuildFile; fileRef = 265639162BD4D56600ECBC69 /* Constant.swift */; };
		2656391A2BD4F34500ECBC69 /* IntroCollectionViewCell.xib in Resources */ = {isa = PBXBuildFile; fileRef = 265639192BD4F34500ECBC69 /* IntroCollectionViewCell.xib */; };
		2656391B2BD4F34500ECBC69 /* IntroCollectionViewCell.swift in Sources */ = {isa = PBXBuildFile; fileRef = 265639182BD4F34500ECBC69 /* IntroCollectionViewCell.swift */; };
		CF1EC129E22701A0AAA811B4 /* Pods_AuctionPlates.framework in Frameworks */ = {isa = PBXBuildFile; fileRef = 19434E91416DB63EB0C9B7D5 /* Pods_AuctionPlates.framework */; };
/* End PBXBuildFile section */

/* Begin PBXFileReference section */
		0D491F153E0E0B58CFD5C4E7 /* Pods-AuctionPlates.debug.xcconfig */ = {isa = PBXFileReference; includeInIndex = 1; lastKnownFileType = text.xcconfig; name = "Pods-AuctionPlates.debug.xcconfig"; path = "Target Support Files/Pods-AuctionPlates/Pods-AuctionPlates.debug.xcconfig"; sourceTree = "<group>"; };
		19434E91416DB63EB0C9B7D5 /* Pods_AuctionPlates.framework */ = {isa = PBXFileReference; explicitFileType = wrapper.framework; includeInIndex = 0; path = Pods_AuctionPlates.framework; sourceTree = BUILT_PRODUCTS_DIR; };
		263CE8DA2BD3DD2100B05E71 /* NunitoSans.ttf */ = {isa = PBXFileReference; lastKnownFileType = file; path = NunitoSans.ttf; sourceTree = "<group>"; };
		263CE8DC2BD3E0AD00B05E71 /* NunitoSans-Italic.ttf */ = {isa = PBXFileReference; lastKnownFileType = file; path = "NunitoSans-Italic.ttf"; sourceTree = "<group>"; };
		264DB1222BD3C9D200BA1CB7 /* AuctionPlates.app */ = {isa = PBXFileReference; explicitFileType = wrapper.application; includeInIndex = 0; path = AuctionPlates.app; sourceTree = BUILT_PRODUCTS_DIR; };
		264DB1252BD3C9D200BA1CB7 /* AppDelegate.swift */ = {isa = PBXFileReference; lastKnownFileType = sourcecode.swift; path = AppDelegate.swift; sourceTree = "<group>"; };
		264DB1272BD3C9D200BA1CB7 /* SceneDelegate.swift */ = {isa = PBXFileReference; lastKnownFileType = sourcecode.swift; path = SceneDelegate.swift; sourceTree = "<group>"; };
		264DB12E2BD3C9D400BA1CB7 /* Assets.xcassets */ = {isa = PBXFileReference; lastKnownFileType = folder.assetcatalog; path = Assets.xcassets; sourceTree = "<group>"; };
		264DB1332BD3C9D400BA1CB7 /* Info.plist */ = {isa = PBXFileReference; lastKnownFileType = text.plist.xml; path = Info.plist; sourceTree = "<group>"; };
		264DB13F2BD3CF2700BA1CB7 /* IntroViewController.swift */ = {isa = PBXFileReference; lastKnownFileType = sourcecode.swift; path = IntroViewController.swift; sourceTree = "<group>"; };
		264DB1402BD3CF2700BA1CB7 /* IntroViewController.xib */ = {isa = PBXFileReference; lastKnownFileType = file.xib; path = IntroViewController.xib; sourceTree = "<group>"; };
		265639142BD4D31700ECBC69 /* UIView+Extension.swift */ = {isa = PBXFileReference; lastKnownFileType = sourcecode.swift; path = "UIView+Extension.swift"; sourceTree = "<group>"; };
		265639162BD4D56600ECBC69 /* Constant.swift */ = {isa = PBXFileReference; lastKnownFileType = sourcecode.swift; path = Constant.swift; sourceTree = "<group>"; };
		265639182BD4F34500ECBC69 /* IntroCollectionViewCell.swift */ = {isa = PBXFileReference; lastKnownFileType = sourcecode.swift; path = IntroCollectionViewCell.swift; sourceTree = "<group>"; };
		265639192BD4F34500ECBC69 /* IntroCollectionViewCell.xib */ = {isa = PBXFileReference; lastKnownFileType = file.xib; path = IntroCollectionViewCell.xib; sourceTree = "<group>"; };
		9DDC67EE88DABB64B5001030 /* Pods-AuctionPlates.release.xcconfig */ = {isa = PBXFileReference; includeInIndex = 1; lastKnownFileType = text.xcconfig; name = "Pods-AuctionPlates.release.xcconfig"; path = "Target Support Files/Pods-AuctionPlates/Pods-AuctionPlates.release.xcconfig"; sourceTree = "<group>"; };
/* End PBXFileReference section */

/* Begin PBXFrameworksBuildPhase section */
		264DB11F2BD3C9D200BA1CB7 /* Frameworks */ = {
			isa = PBXFrameworksBuildPhase;
			buildActionMask = 2147483647;
			files = (
				CF1EC129E22701A0AAA811B4 /* Pods_AuctionPlates.framework in Frameworks */,
			);
			runOnlyForDeploymentPostprocessing = 0;
		};
/* End PBXFrameworksBuildPhase section */

/* Begin PBXGroup section */
		264DB1192BD3C9D200BA1CB7 = {
			isa = PBXGroup;
			children = (
				264DB1242BD3C9D200BA1CB7 /* AuctionPlates */,
				264DB1232BD3C9D200BA1CB7 /* Products */,
				D335C8CFEC3B290D7BB0AA72 /* Pods */,
				944B4E3699B7477DED9A1F9B /* Frameworks */,
			);
			sourceTree = "<group>";
		};
		264DB1232BD3C9D200BA1CB7 /* Products */ = {
			isa = PBXGroup;
			children = (
				264DB1222BD3C9D200BA1CB7 /* AuctionPlates.app */,
			);
			name = Products;
			sourceTree = "<group>";
		};
		264DB1242BD3C9D200BA1CB7 /* AuctionPlates */ = {
			isa = PBXGroup;
			children = (
				264DB1332BD3C9D400BA1CB7 /* Info.plist */,
				264DB1392BD3CC7900BA1CB7 /* App */,
				264DB13A2BD3CC8900BA1CB7 /* Model */,
				264DB13B2BD3CC8F00BA1CB7 /* View */,
				264DB13C2BD3CC9300BA1CB7 /* Controller */,
				264DB13D2BD3CCC300BA1CB7 /* Resources */,
				265639132BD4D30300ECBC69 /* Utilities */,
			);
			path = AuctionPlates;
			sourceTree = "<group>";
		};
		264DB1392BD3CC7900BA1CB7 /* App */ = {
			isa = PBXGroup;
			children = (
				264DB1252BD3C9D200BA1CB7 /* AppDelegate.swift */,
				264DB1272BD3C9D200BA1CB7 /* SceneDelegate.swift */,
			);
			path = App;
			sourceTree = "<group>";
		};
		264DB13A2BD3CC8900BA1CB7 /* Model */ = {
			isa = PBXGroup;
			children = (
			);
			path = Model;
			sourceTree = "<group>";
		};
		264DB13B2BD3CC8F00BA1CB7 /* View */ = {
			isa = PBXGroup;
			children = (
				264DB13E2BD3CEB500BA1CB7 /* IntroView */,
			);
			path = View;
			sourceTree = "<group>";
		};
		264DB13C2BD3CC9300BA1CB7 /* Controller */ = {
			isa = PBXGroup;
			children = (
				264DB13F2BD3CF2700BA1CB7 /* IntroViewController.swift */,
			);
			path = Controller;
			sourceTree = "<group>";
		};
		264DB13D2BD3CCC300BA1CB7 /* Resources */ = {
			isa = PBXGroup;
			children = (
				264DB1432BD3D17300BA1CB7 /* Font */,
				264DB12E2BD3C9D400BA1CB7 /* Assets.xcassets */,
			);
			path = Resources;
			sourceTree = "<group>";
		};
		264DB13E2BD3CEB500BA1CB7 /* IntroView */ = {
			isa = PBXGroup;
			children = (
				264DB1402BD3CF2700BA1CB7 /* IntroViewController.xib */,
				265639182BD4F34500ECBC69 /* IntroCollectionViewCell.swift */,
				265639192BD4F34500ECBC69 /* IntroCollectionViewCell.xib */,
			);
			path = IntroView;
			sourceTree = "<group>";
		};
		264DB1432BD3D17300BA1CB7 /* Font */ = {
			isa = PBXGroup;
			children = (
				263CE8DA2BD3DD2100B05E71 /* NunitoSans.ttf */,
				263CE8DC2BD3E0AD00B05E71 /* NunitoSans-Italic.ttf */,
			);
			path = Font;
			sourceTree = "<group>";
		};
		265639132BD4D30300ECBC69 /* Utilities */ = {
			isa = PBXGroup;
			children = (
				265639142BD4D31700ECBC69 /* UIView+Extension.swift */,
				265639162BD4D56600ECBC69 /* Constant.swift */,
			);
			path = Utilities;
			sourceTree = "<group>";
		};
		944B4E3699B7477DED9A1F9B /* Frameworks */ = {
			isa = PBXGroup;
			children = (
				19434E91416DB63EB0C9B7D5 /* Pods_AuctionPlates.framework */,
			);
			name = Frameworks;
			sourceTree = "<group>";
		};
		D335C8CFEC3B290D7BB0AA72 /* Pods */ = {
			isa = PBXGroup;
			children = (
				0D491F153E0E0B58CFD5C4E7 /* Pods-AuctionPlates.debug.xcconfig */,
				9DDC67EE88DABB64B5001030 /* Pods-AuctionPlates.release.xcconfig */,
			);
			path = Pods;
			sourceTree = "<group>";
		};
/* End PBXGroup section */

/* Begin PBXNativeTarget section */
		264DB1212BD3C9D200BA1CB7 /* AuctionPlates */ = {
			isa = PBXNativeTarget;
			buildConfigurationList = 264DB1362BD3C9D400BA1CB7 /* Build configuration list for PBXNativeTarget "AuctionPlates" */;
			buildPhases = (
				6442EEA54E578EBEC0C831BD /* [CP] Check Pods Manifest.lock */,
				264DB11E2BD3C9D200BA1CB7 /* Sources */,
				264DB11F2BD3C9D200BA1CB7 /* Frameworks */,
				264DB1202BD3C9D200BA1CB7 /* Resources */,
				1CBE850039B6F8AC8F91EF91 /* [CP] Embed Pods Frameworks */,
			);
			buildRules = (
			);
			dependencies = (
			);
			name = AuctionPlates;
			productName = AuctionPlates;
			productReference = 264DB1222BD3C9D200BA1CB7 /* AuctionPlates.app */;
			productType = "com.apple.product-type.application";
		};
/* End PBXNativeTarget section */

/* Begin PBXProject section */
		264DB11A2BD3C9D200BA1CB7 /* Project object */ = {
			isa = PBXProject;
			attributes = {
				BuildIndependentTargetsInParallel = 1;
				LastSwiftUpdateCheck = 1530;
				LastUpgradeCheck = 1530;
				TargetAttributes = {
					264DB1212BD3C9D200BA1CB7 = {
						CreatedOnToolsVersion = 15.3;
					};
				};
			};
			buildConfigurationList = 264DB11D2BD3C9D200BA1CB7 /* Build configuration list for PBXProject "AuctionPlates" */;
			compatibilityVersion = "Xcode 14.0";
			developmentRegion = en;
			hasScannedForEncodings = 0;
			knownRegions = (
				en,
				Base,
			);
			mainGroup = 264DB1192BD3C9D200BA1CB7;
			productRefGroup = 264DB1232BD3C9D200BA1CB7 /* Products */;
			projectDirPath = "";
			projectRoot = "";
			targets = (
				264DB1212BD3C9D200BA1CB7 /* AuctionPlates */,
			);
		};
/* End PBXProject section */

/* Begin PBXResourcesBuildPhase section */
		264DB1202BD3C9D200BA1CB7 /* Resources */ = {
			isa = PBXResourcesBuildPhase;
			buildActionMask = 2147483647;
			files = (
				264DB12F2BD3C9D400BA1CB7 /* Assets.xcassets in Resources */,
				263CE8DD2BD3E0AD00B05E71 /* NunitoSans-Italic.ttf in Resources */,
				2656391A2BD4F34500ECBC69 /* IntroCollectionViewCell.xib in Resources */,
				264DB1422BD3CF2700BA1CB7 /* IntroViewController.xib in Resources */,
				263CE8DB2BD3DD2100B05E71 /* NunitoSans.ttf in Resources */,
			);
			runOnlyForDeploymentPostprocessing = 0;
		};
/* End PBXResourcesBuildPhase section */

/* Begin PBXShellScriptBuildPhase section */
		1CBE850039B6F8AC8F91EF91 /* [CP] Embed Pods Frameworks */ = {
			isa = PBXShellScriptBuildPhase;
			buildActionMask = 2147483647;
			files = (
			);
			inputFileListPaths = (
				"${PODS_ROOT}/Target Support Files/Pods-AuctionPlates/Pods-AuctionPlates-frameworks-${CONFIGURATION}-input-files.xcfilelist",
			);
			name = "[CP] Embed Pods Frameworks";
			outputFileListPaths = (
				"${PODS_ROOT}/Target Support Files/Pods-AuctionPlates/Pods-AuctionPlates-frameworks-${CONFIGURATION}-output-files.xcfilelist",
			);
			runOnlyForDeploymentPostprocessing = 0;
			shellPath = /bin/sh;
			shellScript = "\"${PODS_ROOT}/Target Support Files/Pods-AuctionPlates/Pods-AuctionPlates-frameworks.sh\"\n";
			showEnvVarsInLog = 0;
		};
		6442EEA54E578EBEC0C831BD /* [CP] Check Pods Manifest.lock */ = {
			isa = PBXShellScriptBuildPhase;
			buildActionMask = 2147483647;
			files = (
			);
			inputFileListPaths = (
			);
			inputPaths = (
				"${PODS_PODFILE_DIR_PATH}/Podfile.lock",
				"${PODS_ROOT}/Manifest.lock",
			);
			name = "[CP] Check Pods Manifest.lock";
			outputFileListPaths = (
			);
			outputPaths = (
				"$(DERIVED_FILE_DIR)/Pods-AuctionPlates-checkManifestLockResult.txt",
			);
			runOnlyForDeploymentPostprocessing = 0;
			shellPath = /bin/sh;
			shellScript = "diff \"${PODS_PODFILE_DIR_PATH}/Podfile.lock\" \"${PODS_ROOT}/Manifest.lock\" > /dev/null\nif [ $? != 0 ] ; then\n    # print error to STDERR\n    echo \"error: The sandbox is not in sync with the Podfile.lock. Run 'pod install' or update your CocoaPods installation.\" >&2\n    exit 1\nfi\n# This output is used by Xcode 'outputs' to avoid re-running this script phase.\necho \"SUCCESS\" > \"${SCRIPT_OUTPUT_FILE_0}\"\n";
			showEnvVarsInLog = 0;
		};
/* End PBXShellScriptBuildPhase section */

/* Begin PBXSourcesBuildPhase section */
		264DB11E2BD3C9D200BA1CB7 /* Sources */ = {
			isa = PBXSourcesBuildPhase;
			buildActionMask = 2147483647;
			files = (
				264DB1262BD3C9D200BA1CB7 /* AppDelegate.swift in Sources */,
				2656391B2BD4F34500ECBC69 /* IntroCollectionViewCell.swift in Sources */,
				264DB1282BD3C9D200BA1CB7 /* SceneDelegate.swift in Sources */,
				265639172BD4D56600ECBC69 /* Constant.swift in Sources */,
				265639152BD4D31700ECBC69 /* UIView+Extension.swift in Sources */,
				264DB1412BD3CF2700BA1CB7 /* IntroViewController.swift in Sources */,
			);
			runOnlyForDeploymentPostprocessing = 0;
		};
/* End PBXSourcesBuildPhase section */

/* Begin XCBuildConfiguration section */
		264DB1342BD3C9D400BA1CB7 /* Debug */ = {
			isa = XCBuildConfiguration;
			buildSettings = {
				ALWAYS_SEARCH_USER_PATHS = NO;
				ASSETCATALOG_COMPILER_GENERATE_SWIFT_ASSET_SYMBOL_EXTENSIONS = YES;
				CLANG_ANALYZER_NONNULL = YES;
				CLANG_ANALYZER_NUMBER_OBJECT_CONVERSION = YES_AGGRESSIVE;
				CLANG_CXX_LANGUAGE_STANDARD = "gnu++20";
				CLANG_ENABLE_MODULES = YES;
				CLANG_ENABLE_OBJC_ARC = YES;
				CLANG_ENABLE_OBJC_WEAK = YES;
				CLANG_WARN_BLOCK_CAPTURE_AUTORELEASING = YES;
				CLANG_WARN_BOOL_CONVERSION = YES;
				CLANG_WARN_COMMA = YES;
				CLANG_WARN_CONSTANT_CONVERSION = YES;
				CLANG_WARN_DEPRECATED_OBJC_IMPLEMENTATIONS = YES;
				CLANG_WARN_DIRECT_OBJC_ISA_USAGE = YES_ERROR;
				CLANG_WARN_DOCUMENTATION_COMMENTS = YES;
				CLANG_WARN_EMPTY_BODY = YES;
				CLANG_WARN_ENUM_CONVERSION = YES;
				CLANG_WARN_INFINITE_RECURSION = YES;
				CLANG_WARN_INT_CONVERSION = YES;
				CLANG_WARN_NON_LITERAL_NULL_CONVERSION = YES;
				CLANG_WARN_OBJC_IMPLICIT_RETAIN_SELF = YES;
				CLANG_WARN_OBJC_LITERAL_CONVERSION = YES;
				CLANG_WARN_OBJC_ROOT_CLASS = YES_ERROR;
				CLANG_WARN_QUOTED_INCLUDE_IN_FRAMEWORK_HEADER = YES;
				CLANG_WARN_RANGE_LOOP_ANALYSIS = YES;
				CLANG_WARN_STRICT_PROTOTYPES = YES;
				CLANG_WARN_SUSPICIOUS_MOVE = YES;
				CLANG_WARN_UNGUARDED_AVAILABILITY = YES_AGGRESSIVE;
				CLANG_WARN_UNREACHABLE_CODE = YES;
				CLANG_WARN__DUPLICATE_METHOD_MATCH = YES;
				COPY_PHASE_STRIP = NO;
				DEBUG_INFORMATION_FORMAT = dwarf;
				ENABLE_STRICT_OBJC_MSGSEND = YES;
				ENABLE_TESTABILITY = YES;
				ENABLE_USER_SCRIPT_SANDBOXING = NO;
				GCC_C_LANGUAGE_STANDARD = gnu17;
				GCC_DYNAMIC_NO_PIC = NO;
				GCC_NO_COMMON_BLOCKS = YES;
				GCC_OPTIMIZATION_LEVEL = 0;
				GCC_PREPROCESSOR_DEFINITIONS = (
					"DEBUG=1",
					"$(inherited)",
				);
				GCC_WARN_64_TO_32_BIT_CONVERSION = YES;
				GCC_WARN_ABOUT_RETURN_TYPE = YES_ERROR;
				GCC_WARN_UNDECLARED_SELECTOR = YES;
				GCC_WARN_UNINITIALIZED_AUTOS = YES_AGGRESSIVE;
				GCC_WARN_UNUSED_FUNCTION = YES;
				GCC_WARN_UNUSED_VARIABLE = YES;
				IPHONEOS_DEPLOYMENT_TARGET = 17.4;
				LOCALIZATION_PREFERS_STRING_CATALOGS = YES;
				MTL_ENABLE_DEBUG_INFO = INCLUDE_SOURCE;
				MTL_FAST_MATH = YES;
				ONLY_ACTIVE_ARCH = YES;
				SDKROOT = iphoneos;
				SWIFT_ACTIVE_COMPILATION_CONDITIONS = "DEBUG $(inherited)";
				SWIFT_OPTIMIZATION_LEVEL = "-Onone";
			};
			name = Debug;
		};
		264DB1352BD3C9D400BA1CB7 /* Release */ = {
			isa = XCBuildConfiguration;
			buildSettings = {
				ALWAYS_SEARCH_USER_PATHS = NO;
				ASSETCATALOG_COMPILER_GENERATE_SWIFT_ASSET_SYMBOL_EXTENSIONS = YES;
				CLANG_ANALYZER_NONNULL = YES;
				CLANG_ANALYZER_NUMBER_OBJECT_CONVERSION = YES_AGGRESSIVE;
				CLANG_CXX_LANGUAGE_STANDARD = "gnu++20";
				CLANG_ENABLE_MODULES = YES;
				CLANG_ENABLE_OBJC_ARC = YES;
				CLANG_ENABLE_OBJC_WEAK = YES;
				CLANG_WARN_BLOCK_CAPTURE_AUTORELEASING = YES;
				CLANG_WARN_BOOL_CONVERSION = YES;
				CLANG_WARN_COMMA = YES;
				CLANG_WARN_CONSTANT_CONVERSION = YES;
				CLANG_WARN_DEPRECATED_OBJC_IMPLEMENTATIONS = YES;
				CLANG_WARN_DIRECT_OBJC_ISA_USAGE = YES_ERROR;
				CLANG_WARN_DOCUMENTATION_COMMENTS = YES;
				CLANG_WARN_EMPTY_BODY = YES;
				CLANG_WARN_ENUM_CONVERSION = YES;
				CLANG_WARN_INFINITE_RECURSION = YES;
				CLANG_WARN_INT_CONVERSION = YES;
				CLANG_WARN_NON_LITERAL_NULL_CONVERSION = YES;
				CLANG_WARN_OBJC_IMPLICIT_RETAIN_SELF = YES;
				CLANG_WARN_OBJC_LITERAL_CONVERSION = YES;
				CLANG_WARN_OBJC_ROOT_CLASS = YES_ERROR;
				CLANG_WARN_QUOTED_INCLUDE_IN_FRAMEWORK_HEADER = YES;
				CLANG_WARN_RANGE_LOOP_ANALYSIS = YES;
				CLANG_WARN_STRICT_PROTOTYPES = YES;
				CLANG_WARN_SUSPICIOUS_MOVE = YES;
				CLANG_WARN_UNGUARDED_AVAILABILITY = YES_AGGRESSIVE;
				CLANG_WARN_UNREACHABLE_CODE = YES;
				CLANG_WARN__DUPLICATE_METHOD_MATCH = YES;
				COPY_PHASE_STRIP = NO;
				DEBUG_INFORMATION_FORMAT = "dwarf-with-dsym";
				ENABLE_NS_ASSERTIONS = NO;
				ENABLE_STRICT_OBJC_MSGSEND = YES;
				ENABLE_USER_SCRIPT_SANDBOXING = NO;
				GCC_C_LANGUAGE_STANDARD = gnu17;
				GCC_NO_COMMON_BLOCKS = YES;
				GCC_WARN_64_TO_32_BIT_CONVERSION = YES;
				GCC_WARN_ABOUT_RETURN_TYPE = YES_ERROR;
				GCC_WARN_UNDECLARED_SELECTOR = YES;
				GCC_WARN_UNINITIALIZED_AUTOS = YES_AGGRESSIVE;
				GCC_WARN_UNUSED_FUNCTION = YES;
				GCC_WARN_UNUSED_VARIABLE = YES;
				IPHONEOS_DEPLOYMENT_TARGET = 17.4;
				LOCALIZATION_PREFERS_STRING_CATALOGS = YES;
				MTL_ENABLE_DEBUG_INFO = NO;
				MTL_FAST_MATH = YES;
				SDKROOT = iphoneos;
				SWIFT_COMPILATION_MODE = wholemodule;
				VALIDATE_PRODUCT = YES;
			};
			name = Release;
		};
		264DB1372BD3C9D400BA1CB7 /* Debug */ = {
			isa = XCBuildConfiguration;
			baseConfigurationReference = 0D491F153E0E0B58CFD5C4E7 /* Pods-AuctionPlates.debug.xcconfig */;
			buildSettings = {
				ASSETCATALOG_COMPILER_APPICON_NAME = AppIcon;
				ASSETCATALOG_COMPILER_GLOBAL_ACCENT_COLOR_NAME = AccentColor;
				CODE_SIGN_STYLE = Automatic;
				CURRENT_PROJECT_VERSION = 1;
				DEVELOPMENT_TEAM = 9G9YD8GX8D;
				GENERATE_INFOPLIST_FILE = YES;
				INFOPLIST_FILE = AuctionPlates/Info.plist;
				INFOPLIST_KEY_UIApplicationSupportsIndirectInputEvents = YES;
				INFOPLIST_KEY_UILaunchStoryboardName = LaunchScreen;
				INFOPLIST_KEY_UISupportedInterfaceOrientations_iPad = "UIInterfaceOrientationPortrait UIInterfaceOrientationPortraitUpsideDown UIInterfaceOrientationLandscapeLeft UIInterfaceOrientationLandscapeRight";
				INFOPLIST_KEY_UISupportedInterfaceOrientations_iPhone = "UIInterfaceOrientationPortrait UIInterfaceOrientationLandscapeLeft UIInterfaceOrientationLandscapeRight";
				LD_RUNPATH_SEARCH_PATHS = (
					"$(inherited)",
					"@executable_path/Frameworks",
				);
				MARKETING_VERSION = 1.0;
				PRODUCT_BUNDLE_IDENTIFIER = com.hnam.AuctionPlates;
				PRODUCT_NAME = "$(TARGET_NAME)";
				SWIFT_EMIT_LOC_STRINGS = YES;
				SWIFT_VERSION = 5.0;
				TARGETED_DEVICE_FAMILY = "1,2";
			};
			name = Debug;
		};
		264DB1382BD3C9D400BA1CB7 /* Release */ = {
			isa = XCBuildConfiguration;
			baseConfigurationReference = 9DDC67EE88DABB64B5001030 /* Pods-AuctionPlates.release.xcconfig */;
			buildSettings = {
				ASSETCATALOG_COMPILER_APPICON_NAME = AppIcon;
				ASSETCATALOG_COMPILER_GLOBAL_ACCENT_COLOR_NAME = AccentColor;
				CODE_SIGN_STYLE = Automatic;
				CURRENT_PROJECT_VERSION = 1;
				DEVELOPMENT_TEAM = 9G9YD8GX8D;
				GENERATE_INFOPLIST_FILE = YES;
				INFOPLIST_FILE = AuctionPlates/Info.plist;
				INFOPLIST_KEY_UIApplicationSupportsIndirectInputEvents = YES;
				INFOPLIST_KEY_UILaunchStoryboardName = LaunchScreen;
				INFOPLIST_KEY_UISupportedInterfaceOrientations_iPad = "UIInterfaceOrientationPortrait UIInterfaceOrientationPortraitUpsideDown UIInterfaceOrientationLandscapeLeft UIInterfaceOrientationLandscapeRight";
				INFOPLIST_KEY_UISupportedInterfaceOrientations_iPhone = "UIInterfaceOrientationPortrait UIInterfaceOrientationLandscapeLeft UIInterfaceOrientationLandscapeRight";
				LD_RUNPATH_SEARCH_PATHS = (
					"$(inherited)",
					"@executable_path/Frameworks",
				);
				MARKETING_VERSION = 1.0;
				PRODUCT_BUNDLE_IDENTIFIER = com.hnam.AuctionPlates;
				PRODUCT_NAME = "$(TARGET_NAME)";
				SWIFT_EMIT_LOC_STRINGS = YES;
				SWIFT_VERSION = 5.0;
				TARGETED_DEVICE_FAMILY = "1,2";
			};
			name = Release;
		};
/* End XCBuildConfiguration section */

/* Begin XCConfigurationList section */
		264DB11D2BD3C9D200BA1CB7 /* Build configuration list for PBXProject "AuctionPlates" */ = {
			isa = XCConfigurationList;
			buildConfigurations = (
				264DB1342BD3C9D400BA1CB7 /* Debug */,
				264DB1352BD3C9D400BA1CB7 /* Release */,
			);
			defaultConfigurationIsVisible = 0;
			defaultConfigurationName = Release;
		};
		264DB1362BD3C9D400BA1CB7 /* Build configuration list for PBXNativeTarget "AuctionPlates" */ = {
			isa = XCConfigurationList;
			buildConfigurations = (
				264DB1372BD3C9D400BA1CB7 /* Debug */,
				264DB1382BD3C9D400BA1CB7 /* Release */,
			);
			defaultConfigurationIsVisible = 0;
			defaultConfigurationName = Release;
		};
/* End XCConfigurationList section */
	};
	rootObject = 264DB11A2BD3C9D200BA1CB7 /* Project object */;
}
